
Microsoft Visual Studio Solution File, Format Version 12.00
# Visual Studio Version 17
VisualStudioVersion = 17.6.33723.286
MinimumVisualStudioVersion = 10.0.40219.1
Project("{FAE04EC0-301F-11D3-BF4B-00C04F79EFBC}") = "UnitTestProject1", "UnitTestProject1\UnitTestProject1.csproj", "{65178A6E-FF3B-434B-B053-2E38ADAA7E91}"
EndProject
Project("{FAE04EC0-301F-11D3-BF4B-00C04F79EFBC}") = "Calculator", "ClassLibrary1\Calculator.csproj", "{8F242D82-5357-42C2-9975-88B5EB18CA9D}"
EndProject
Global
	GlobalSection(SolutionConfigurationPlatforms) = preSolution
		Debug|Any CPU = Debug|Any CPU
		Release|Any CPU = Release|Any CPU
	EndGlobalSection
	GlobalSection(ProjectConfigurationPlatforms) = postSolution
		{65178A6E-FF3B-434B-B053-2E38ADAA7E91}.Debug|Any CPU.ActiveCfg = Debug|Any CPU
		{65178A6E-FF3B-434B-B053-2E38ADAA7E91}.Debug|Any CPU.Build.0 = Debug|Any CPU
		{65178A6E-FF3B-434B-B053-2E38ADAA7E91}.Release|Any CPU.ActiveCfg = Release|Any CPU
		{65178A6E-FF3B-434B-B053-2E38ADAA7E91}.Release|Any CPU.Build.0 = Release|Any CPU
		{8F242D82-5357-42C2-9975-88B5EB18CA9D}.Debug|Any CPU.ActiveCfg = Debug|Any CPU
		{8F242D82-5357-42C2-9975-88B5EB18CA9D}.Debug|Any CPU.Build.0 = Debug|Any CPU
		{8F242D82-5357-42C2-9975-88B5EB18CA9D}.Release|Any CPU.ActiveCfg = Release|Any CPU
		{8F242D82-5357-42C2-9975-88B5EB18CA9D}.Release|Any CPU.Build.0 = Release|Any CPU
	EndGlobalSection
	GlobalSection(SolutionProperties) = preSolution
		HideSolutionNode = FALSE
	EndGlobalSection
	GlobalSection(ExtensibilityGlobals) = postSolution
		SolutionGuid = {C1E47C85-8031-4839-922A-7A2E02C4E0D6}
	EndGlobalSection
EndGlobal
